<?xml version="1.0" encoding="utf-8"?>
<Project ToolsVersion="4.0" xmlns="http://schemas.microsoft.com/developer/msbuild/2003">
  <ItemGroup>
    <Filter Include="リソース ファイル">
      <UniqueIdentifier>{67DA6AB6-F800-4c08-8B7A-83BB121AAD01}</UniqueIdentifier>
      <Extensions>rc;ico;cur;bmp;dlg;rc2;rct;bin;rgs;gif;jpg;jpeg;jpe;resx;tiff;tif;png;wav;mfcribbon-ms</Extensions>
    </Filter>
    <Filter Include="シェーダーファイル">
      <UniqueIdentifier>{ab66f10d-cbee-45fa-b0aa-cc1f07871573}</UniqueIdentifier>
    </Filter>
    <Filter Include="ヘッダーファイル">
      <UniqueIdentifier>{a2c9f1f6-a0fe-4194-a0cb-97d79aa9c865}</UniqueIdentifier>
      <Extensions>h</Extensions>
    </Filter>
    <Filter Include="ソースファイル">
      <UniqueIdentifier>{11444b1d-47fe-4eaa-ab54-923c004630ac}</UniqueIdentifier>
      <Extensions>cpp</Extensions>
    </Filter>
    <Filter Include="ソースファイル\engine">
      <UniqueIdentifier>{8988782b-96fb-414e-89b0-db94aa294e1a}</UniqueIdentifier>
    </Filter>
    <Filter Include="ソースファイル\application">
      <UniqueIdentifier>{2bf5b1dc-a1f3-4227-9f3f-1b3665eeaa27}</UniqueIdentifier>
    </Filter>
    <Filter Include="ソースファイル\engine\2d">
      <UniqueIdentifier>{ce525e3a-7a11-49b2-b454-87935aa768e4}</UniqueIdentifier>
    </Filter>
    <Filter Include="ソースファイル\engine\3d">
      <UniqueIdentifier>{5e887772-beca-48f6-8e23-3b26c9cfa712}</UniqueIdentifier>
    </Filter>
    <Filter Include="ソースファイル\engine\audio">
      <UniqueIdentifier>{c81c6db3-5ef0-438c-9bda-a634d8439b07}</UniqueIdentifier>
    </Filter>
    <Filter Include="ソースファイル\engine\game">
      <UniqueIdentifier>{cca2c0cc-dbcf-49eb-b8df-cd221dac1fff}</UniqueIdentifier>
    </Filter>
    <Filter Include="ソースファイル\engine\input">
      <UniqueIdentifier>{ee34d55c-dce9-4d5f-a91b-8795a156720f}</UniqueIdentifier>
    </Filter>
    <Filter Include="ソースファイル\engine\json">
      <UniqueIdentifier>{761a39b0-1468-47cc-8004-04493e9787fb}</UniqueIdentifier>
    </Filter>
    <Filter Include="ソースファイル\engine\math">
      <UniqueIdentifier>{5a6546e3-b902-4f40-81af-3942b33045c7}</UniqueIdentifier>
    </Filter>
    <Filter Include="ソースファイル\engine\postEffect">
      <UniqueIdentifier>{a40b30a6-e501-4b18-a8c1-6a0afcd8a170}</UniqueIdentifier>
    </Filter>
    <Filter Include="ソースファイル\application\win">
      <UniqueIdentifier>{2baf8bc2-cf1e-4f89-9604-63d33a80c142}</UniqueIdentifier>
    </Filter>
    <Filter Include="ソースファイル\engine\scene">
      <UniqueIdentifier>{8c08e103-d7b5-424e-9fe7-52b4401cccab}</UniqueIdentifier>
    </Filter>
    <Filter Include="ソースファイル\application\scene">
      <UniqueIdentifier>{8f3f2efc-2db2-4f90-b73e-f11df34d8834}</UniqueIdentifier>
    </Filter>
    <Filter Include="ヘッダーファイル\engine">
      <UniqueIdentifier>{2be4a213-2235-4fff-9093-086b447ef8d3}</UniqueIdentifier>
    </Filter>
    <Filter Include="ヘッダーファイル\application">
      <UniqueIdentifier>{6d0d4be3-4233-47fe-8730-6f83922780a0}</UniqueIdentifier>
    </Filter>
    <Filter Include="ヘッダーファイル\engine\2d">
      <UniqueIdentifier>{499d524e-a5b0-4795-8b72-18534b34ba58}</UniqueIdentifier>
    </Filter>
    <Filter Include="ヘッダーファイル\engine\3d">
      <UniqueIdentifier>{8556744f-fae4-4544-9292-0ed6b2a9ac66}</UniqueIdentifier>
    </Filter>
    <Filter Include="ヘッダーファイル\engine\audio">
      <UniqueIdentifier>{8810465a-4c46-415f-a1cd-74117ec3ab2d}</UniqueIdentifier>
    </Filter>
    <Filter Include="ヘッダーファイル\engine\game">
      <UniqueIdentifier>{b5b818f0-054f-4355-93c9-e9380aa1e04d}</UniqueIdentifier>
    </Filter>
    <Filter Include="ヘッダーファイル\engine\input">
      <UniqueIdentifier>{df0ac184-0eff-4929-94c1-62b6463e4b4d}</UniqueIdentifier>
    </Filter>
    <Filter Include="ヘッダーファイル\engine\json">
      <UniqueIdentifier>{cbabccf8-ca0a-4ac2-9f8d-01996c29363f}</UniqueIdentifier>
    </Filter>
    <Filter Include="ヘッダーファイル\engine\math">
      <UniqueIdentifier>{bdbf0d64-04dd-4f66-94ff-3be8c82ffaf9}</UniqueIdentifier>
    </Filter>
    <Filter Include="ヘッダーファイル\engine\postEffect">
      <UniqueIdentifier>{25fc5caf-7be8-4399-89f0-15cfc53c8fc0}</UniqueIdentifier>
    </Filter>
    <Filter Include="ヘッダーファイル\application\win">
      <UniqueIdentifier>{504eb5d3-301f-4753-b1f5-0247be9795fc}</UniqueIdentifier>
    </Filter>
    <Filter Include="ヘッダーファイル\engine\scene">
      <UniqueIdentifier>{3733f71d-46d5-442b-8f09-d84ced7c9531}</UniqueIdentifier>
    </Filter>
    <Filter Include="ヘッダーファイル\application\scene">
      <UniqueIdentifier>{c6f13ec0-c063-430f-8175-911ab79e49d4}</UniqueIdentifier>
    </Filter>
  </ItemGroup>
  <ItemGroup>
    <None Include="Resources\shaders\Basic.hlsli">
      <Filter>シェーダーファイル</Filter>
    </None>
    <None Include="Resources\shaders\Image2d.hlsli">
      <Filter>シェーダーファイル</Filter>
    </None>
    <None Include="Resources\shaders\Object.hlsli">
      <Filter>シェーダーファイル</Filter>
    </None>
    <None Include="Resources\shaders\PostEffect.hlsli">
      <Filter>シェーダーファイル</Filter>
    </None>
    <None Include="Resources\shaders\Particle.hlsli">
      <Filter>シェーダーファイル</Filter>
    </None>
  </ItemGroup>
  <ItemGroup>
    <FxCompile Include="Resources\shaders\BasicPS.hlsl">
      <Filter>シェーダーファイル</Filter>
    </FxCompile>
    <FxCompile Include="Resources\shaders\BasicVS.hlsl">
      <Filter>シェーダーファイル</Filter>
    </FxCompile>
    <FxCompile Include="Resources\shaders\Image2dPS.hlsl">
      <Filter>シェーダーファイル</Filter>
    </FxCompile>
    <FxCompile Include="Resources\shaders\Image2dVS.hlsl">
      <Filter>シェーダーファイル</Filter>
    </FxCompile>
    <FxCompile Include="Resources\shaders\ObjectPS.hlsl">
      <Filter>シェーダーファイル</Filter>
    </FxCompile>
    <FxCompile Include="Resources\shaders\ObjectVS.hlsl">
      <Filter>シェーダーファイル</Filter>
    </FxCompile>
    <FxCompile Include="Resources\shaders\PostEffectPS.hlsl">
      <Filter>シェーダーファイル</Filter>
    </FxCompile>
    <FxCompile Include="Resources\shaders\PostEffectVS.hlsl">
      <Filter>シェーダーファイル</Filter>
    </FxCompile>
    <FxCompile Include="Resources\shaders\ParticleGS.hlsl">
      <Filter>シェーダーファイル</Filter>
    </FxCompile>
    <FxCompile Include="Resources\shaders\ParticlePS.hlsl">
      <Filter>シェーダーファイル</Filter>
    </FxCompile>
    <FxCompile Include="Resources\shaders\ParticleVS.hlsl">
      <Filter>シェーダーファイル</Filter>
    </FxCompile>
  </ItemGroup>
  <ItemGroup>
    <ClInclude Include="Code\application\scene\BaseScene.h">
      <Filter>ヘッダーファイル\application\scene</Filter>
    </ClInclude>
    <ClInclude Include="Code\application\scene\SceneFactory.h">
      <Filter>ヘッダーファイル\application\scene</Filter>
    </ClInclude>
    <ClInclude Include="Code\application\scene\SceneManager.h">
      <Filter>ヘッダーファイル\application\scene</Filter>
    </ClInclude>
    <ClInclude Include="Code\application\scene\AbstructSceneFactory.h">
      <Filter>ヘッダーファイル\application\scene</Filter>
    </ClInclude>
    <ClInclude Include="Code\application\win\DirectXCommon.h">
      <Filter>ヘッダーファイル\application\win</Filter>
    </ClInclude>
    <ClInclude Include="Code\application\win\MyGame.h">
      <Filter>ヘッダーファイル\application\win</Filter>
    </ClInclude>
    <ClInclude Include="Code\application\win\WinApp.h">
      <Filter>ヘッダーファイル\application\win</Filter>
    </ClInclude>
    <ClInclude Include="Code\application\win\SafeDelete.h">
      <Filter>ヘッダーファイル\application\win</Filter>
    </ClInclude>
    <ClInclude Include="Code\engine\2d\Image2d.h">
      <Filter>ヘッダーファイル\engine\2d</Filter>
    </ClInclude>
    <ClInclude Include="Code\engine\2d\DebugText.h">
      <Filter>ヘッダーファイル\engine\2d</Filter>
    </ClInclude>
    <ClInclude Include="Code\engine\3d\Model.h">
      <Filter>ヘッダーファイル\engine\3d</Filter>
    </ClInclude>
    <ClInclude Include="Code\engine\3d\Object3d.h">
      <Filter>ヘッダーファイル\engine\3d</Filter>
    </ClInclude>
    <ClInclude Include="Code\engine\audio\Audio.h">
      <Filter>ヘッダーファイル\engine\audio</Filter>
    </ClInclude>
    <ClInclude Include="Code\engine\game\Bullet.h">
      <Filter>ヘッダーファイル\engine\game</Filter>
    </ClInclude>
    <ClInclude Include="Code\engine\game\Camera.h">
      <Filter>ヘッダーファイル\engine\game</Filter>
    </ClInclude>
    <ClInclude Include="Code\engine\game\Collision.h">
      <Filter>ヘッダーファイル\engine\game</Filter>
    </ClInclude>
    <ClInclude Include="Code\engine\game\Easing.h">
      <Filter>ヘッダーファイル\engine\game</Filter>
    </ClInclude>
    <ClInclude Include="Code\engine\game\Enemy.h">
      <Filter>ヘッダーファイル\engine\game</Filter>
    </ClInclude>
    <ClInclude Include="Code\engine\game\Light.h">
      <Filter>ヘッダーファイル\engine\game</Filter>
    </ClInclude>
    <ClInclude Include="Code\engine\game\Player.h">
      <Filter>ヘッダーファイル\engine\game</Filter>
    </ClInclude>
    <ClInclude Include="Code\engine\game\Rope.h">
      <Filter>ヘッダーファイル\engine\game</Filter>
    </ClInclude>
    <ClInclude Include="Code\engine\input\Controller.h">
      <Filter>ヘッダーファイル\engine\input</Filter>
    </ClInclude>
    <ClInclude Include="Code\engine\input\Keyboard.h">
      <Filter>ヘッダーファイル\engine\input</Filter>
    </ClInclude>
    <ClInclude Include="Code\engine\input\Mouse.h">
      <Filter>ヘッダーファイル\engine\input</Filter>
    </ClInclude>
    <ClInclude Include="Code\engine\json\LevelLoader.h">
      <Filter>ヘッダーファイル\engine\json</Filter>
    </ClInclude>
    <ClInclude Include="Code\engine\math\Operator.h">
      <Filter>ヘッダーファイル\engine\math</Filter>
    </ClInclude>
    <ClInclude Include="Code\engine\postEffect\MultiRT.h">
      <Filter>ヘッダーファイル\engine\postEffect</Filter>
    </ClInclude>
    <ClInclude Include="Code\engine\postEffect\MultiTex.h">
      <Filter>ヘッダーファイル\engine\postEffect</Filter>
    </ClInclude>
    <ClInclude Include="Code\engine\postEffect\PostEffect.h">
      <Filter>ヘッダーファイル\engine\postEffect</Filter>
    </ClInclude>
    <ClInclude Include="Code\engine\scene\FadeScene.h">
      <Filter>ヘッダーファイル\engine\scene</Filter>
    </ClInclude>
    <ClInclude Include="Code\engine\scene\GameClearScene.h">
      <Filter>ヘッダーファイル\engine\scene</Filter>
    </ClInclude>
    <ClInclude Include="Code\engine\scene\GameOverScene.h">
      <Filter>ヘッダーファイル\engine\scene</Filter>
    </ClInclude>
    <ClInclude Include="Code\engine\scene\GameScene.h">
      <Filter>ヘッダーファイル\engine\scene</Filter>
    </ClInclude>
    <ClInclude Include="Code\engine\scene\TitleScene.h">
      <Filter>ヘッダーファイル\engine\scene</Filter>
    </ClInclude>
    <ClInclude Include="Code\engine\scene\TutorialScene.h">
      <Filter>ヘッダーファイル\engine\scene</Filter>
    </ClInclude>
    <ClInclude Include="Code\application\scene\Framework.h">
      <Filter>ヘッダーファイル\application\scene</Filter>
    </ClInclude>
    <ClInclude Include="Code\engine\2d\Particle.h">
      <Filter>ヘッダーファイル\engine\2d</Filter>
    </ClInclude>
  </ItemGroup>
  <ItemGroup>
    <ClCompile Include="Code\application\scene\SceneFactory.cpp">
      <Filter>ソースファイル\application\scene</Filter>
    </ClCompile>
    <ClCompile Include="Code\application\scene\SceneManager.cpp">
      <Filter>ソースファイル\application\scene</Filter>
    </ClCompile>
    <ClCompile Include="Code\application\win\DirectXCommon.cpp">
      <Filter>ソースファイル\application\win</Filter>
    </ClCompile>
    <ClCompile Include="Code\application\win\main.cpp">
      <Filter>ソースファイル\application\win</Filter>
    </ClCompile>
    <ClCompile Include="Code\application\win\MyGame.cpp">
      <Filter>ソースファイル\application\win</Filter>
    </ClCompile>
    <ClCompile Include="Code\application\win\WinApp.cpp">
      <Filter>ソースファイル\application\win</Filter>
    </ClCompile>
    <ClCompile Include="Code\engine\2d\DebugText.cpp">
      <Filter>ソースファイル\engine\2d</Filter>
    </ClCompile>
    <ClCompile Include="Code\engine\2d\Image2d.cpp">
      <Filter>ソースファイル\engine\2d</Filter>
    </ClCompile>
    <ClCompile Include="Code\engine\3d\Model.cpp">
      <Filter>ソースファイル\engine\3d</Filter>
    </ClCompile>
    <ClCompile Include="Code\engine\3d\Object3d.cpp">
      <Filter>ソースファイル\engine\3d</Filter>
    </ClCompile>
    <ClCompile Include="Code\engine\audio\Audio.cpp">
      <Filter>ソースファイル\engine\audio</Filter>
    </ClCompile>
    <ClCompile Include="Code\engine\game\Bullet.cpp">
      <Filter>ソースファイル\engine\game</Filter>
    </ClCompile>
    <ClCompile Include="Code\engine\game\Camera.cpp">
      <Filter>ソースファイル\engine\game</Filter>
    </ClCompile>
    <ClCompile Include="Code\engine\game\Collision.cpp">
      <Filter>ソースファイル\engine\game</Filter>
    </ClCompile>
    <ClCompile Include="Code\engine\game\Easing.cpp">
      <Filter>ソースファイル\engine\game</Filter>
    </ClCompile>
    <ClCompile Include="Code\engine\game\Enemy.cpp">
      <Filter>ソースファイル\engine\game</Filter>
    </ClCompile>
    <ClCompile Include="Code\engine\game\Light.cpp">
      <Filter>ソースファイル\engine\game</Filter>
    </ClCompile>
    <ClCompile Include="Code\engine\game\Player.cpp">
      <Filter>ソースファイル\engine\game</Filter>
    </ClCompile>
    <ClCompile Include="Code\engine\game\Rope.cpp">
      <Filter>ソースファイル\engine\game</Filter>
    </ClCompile>
    <ClCompile Include="Code\engine\input\Controller.cpp">
      <Filter>ソースファイル\engine\input</Filter>
    </ClCompile>
    <ClCompile Include="Code\engine\input\Keyboard.cpp">
      <Filter>ソースファイル\engine\input</Filter>
    </ClCompile>
    <ClCompile Include="Code\engine\input\Mouse.cpp">
      <Filter>ソースファイル\engine\input</Filter>
    </ClCompile>
    <ClCompile Include="Code\engine\json\LevelLoader.cpp">
      <Filter>ソースファイル\engine\json</Filter>
    </ClCompile>
    <ClCompile Include="Code\engine\math\Operator.cpp">
      <Filter>ソースファイル\engine\math</Filter>
    </ClCompile>
    <ClCompile Include="Code\engine\postEffect\MultiRT.cpp">
      <Filter>ソースファイル\engine\postEffect</Filter>
    </ClCompile>
    <ClCompile Include="Code\engine\postEffect\MultiTex.cpp">
      <Filter>ソースファイル\engine\postEffect</Filter>
    </ClCompile>
    <ClCompile Include="Code\engine\postEffect\PostEffect.cpp">
      <Filter>ソースファイル\engine\postEffect</Filter>
    </ClCompile>
    <ClCompile Include="Code\engine\scene\FadeScene.cpp">
      <Filter>ソースファイル\engine\scene</Filter>
    </ClCompile>
    <ClCompile Include="Code\engine\scene\GameClearScene.cpp">
      <Filter>ソースファイル\engine\scene</Filter>
    </ClCompile>
    <ClCompile Include="Code\engine\scene\GameOverScene.cpp">
      <Filter>ソースファイル\engine\scene</Filter>
    </ClCompile>
    <ClCompile Include="Code\engine\scene\GameScene.cpp">
      <Filter>ソースファイル\engine\scene</Filter>
    </ClCompile>
    <ClCompile Include="Code\engine\scene\TitleScene.cpp">
      <Filter>ソースファイル\engine\scene</Filter>
    </ClCompile>
    <ClCompile Include="Code\engine\scene\TutorialScene.cpp">
      <Filter>ソースファイル\engine\scene</Filter>
    </ClCompile>
    <ClCompile Include="Code\application\scene\Framework.cpp">
      <Filter>ソースファイル\application\scene</Filter>
    </ClCompile>
    <ClCompile Include="Code\engine\2d\Particle.cpp">
      <Filter>ソースファイル\engine\2d</Filter>
    </ClCompile>
  </ItemGroup>
</Project>